// !$*UTF8*$!
{
	archiveVersion = 1;
	classes = {
	};
	objectVersion = 77;
	objects = {

/* Begin PBXBuildFile section */
		766575262DFB22550053FCC4 /* PhotosExporterLib in Frameworks */ = {isa = PBXBuildFile; productRef = 766575252DFB22550053FCC4 /* PhotosExporterLib */; };
		76A7A6B52E01BC1300F98B0C /* Logging in Frameworks */ = {isa = PBXBuildFile; productRef = 76A7A6B42E01BC1300F98B0C /* Logging */; };
		76F0DD972E01C1AC007DD35E /* LoggingOSLog in Frameworks */ = {isa = PBXBuildFile; productRef = 76F0DD962E01C1AC007DD35E /* LoggingOSLog */; };
/* End PBXBuildFile section */

/* Begin PBXFileReference section */
		766575152DFB1C710053FCC4 /* PhotosExporter.app */ = {isa = PBXFileReference; explicitFileType = wrapper.application; includeInIndex = 0; path = PhotosExporter.app; sourceTree = BUILT_PRODUCTS_DIR; };
/* End PBXFileReference section */

/* Begin PBXFileSystemSynchronizedBuildFileExceptionSet section */
		76F0DD9B2E01CF54007DD35E /* Exceptions for "PhotosExporter" folder in "PhotosExporter" target */ = {
			isa = PBXFileSystemSynchronizedBuildFileExceptionSet;
			membershipExceptions = (
				Info.plist,
			);
			target = 766575142DFB1C710053FCC4 /* PhotosExporter */;
		};
/* End PBXFileSystemSynchronizedBuildFileExceptionSet section */

/* Begin PBXFileSystemSynchronizedRootGroup section */
		766575172DFB1C710053FCC4 /* PhotosExporter */ = {
			isa = PBXFileSystemSynchronizedRootGroup;
			exceptions = (
				76F0DD9B2E01CF54007DD35E /* Exceptions for "PhotosExporter" folder in "PhotosExporter" target */,
			);
			path = PhotosExporter;
			sourceTree = "<group>";
		};
/* End PBXFileSystemSynchronizedRootGroup section */

/* Begin PBXFrameworksBuildPhase section */
		766575122DFB1C710053FCC4 /* Frameworks */ = {
			isa = PBXFrameworksBuildPhase;
			buildActionMask = 2147483647;
			files = (
				76F0DD972E01C1AC007DD35E /* LoggingOSLog in Frameworks */,
				76A7A6B52E01BC1300F98B0C /* Logging in Frameworks */,
				766575262DFB22550053FCC4 /* PhotosExporterLib in Frameworks */,
			);
			runOnlyForDeploymentPostprocessing = 0;
		};
/* End PBXFrameworksBuildPhase section */

/* Begin PBXGroup section */
		7665750C2DFB1C710053FCC4 = {
			isa = PBXGroup;
			children = (
				766575172DFB1C710053FCC4 /* PhotosExporter */,
				76F0DD952E01C1AC007DD35E /* Frameworks */,
				766575162DFB1C710053FCC4 /* Products */,
			);
			sourceTree = "<group>";
		};
		766575162DFB1C710053FCC4 /* Products */ = {
			isa = PBXGroup;
			children = (
				766575152DFB1C710053FCC4 /* PhotosExporter.app */,
			);
			name = Products;
			sourceTree = "<group>";
		};
		76F0DD952E01C1AC007DD35E /* Frameworks */ = {
			isa = PBXGroup;
			children = (
			);
			name = Frameworks;
			sourceTree = "<group>";
		};
/* End PBXGroup section */

/* Begin PBXNativeTarget section */
		766575142DFB1C710053FCC4 /* PhotosExporter */ = {
			isa = PBXNativeTarget;
			buildConfigurationList = 766575212DFB1C720053FCC4 /* Build configuration list for PBXNativeTarget "PhotosExporter" */;
			buildPhases = (
				766575112DFB1C710053FCC4 /* Sources */,
				766575122DFB1C710053FCC4 /* Frameworks */,
				766575132DFB1C710053FCC4 /* Resources */,
			);
			buildRules = (
			);
			dependencies = (
			);
			fileSystemSynchronizedGroups = (
				766575172DFB1C710053FCC4 /* PhotosExporter */,
			);
			name = PhotosExporter;
			packageProductDependencies = (
				766575252DFB22550053FCC4 /* PhotosExporterLib */,
				76A7A6B42E01BC1300F98B0C /* Logging */,
				76F0DD962E01C1AC007DD35E /* LoggingOSLog */,
			);
			productName = PhotosExporterApp;
			productReference = 766575152DFB1C710053FCC4 /* PhotosExporter.app */;
			productType = "com.apple.product-type.application";
		};
/* End PBXNativeTarget section */

/* Begin PBXProject section */
		7665750D2DFB1C710053FCC4 /* Project object */ = {
			isa = PBXProject;
			attributes = {
				BuildIndependentTargetsInParallel = 1;
				LastSwiftUpdateCheck = 1640;
				LastUpgradeCheck = 1640;
				TargetAttributes = {
					766575142DFB1C710053FCC4 = {
						CreatedOnToolsVersion = 16.4;
					};
				};
			};
			buildConfigurationList = 766575102DFB1C710053FCC4 /* Build configuration list for PBXProject "PhotosExporter" */;
			developmentRegion = en;
			hasScannedForEncodings = 0;
			knownRegions = (
				en,
				Base,
			);
			mainGroup = 7665750C2DFB1C710053FCC4;
			minimizedProjectReferenceProxies = 1;
			packageReferences = (
				766575242DFB22550053FCC4 /* XCLocalSwiftPackageReference "../PhotosExporterLib" */,
				766575B92E01B9A70053FCC4 /* XCRemoteSwiftPackageReference "swift-log-oslog" */,
				76A7A6B32E01BC1300F98B0C /* XCRemoteSwiftPackageReference "swift-log" */,
			);
			preferredProjectObjectVersion = 77;
			productRefGroup = 766575162DFB1C710053FCC4 /* Products */;
			projectDirPath = "";
			projectRoot = "";
			targets = (
				766575142DFB1C710053FCC4 /* PhotosExporter */,
			);
		};
/* End PBXProject section */

/* Begin PBXResourcesBuildPhase section */
		766575132DFB1C710053FCC4 /* Resources */ = {
			isa = PBXResourcesBuildPhase;
			buildActionMask = 2147483647;
			files = (
			);
			runOnlyForDeploymentPostprocessing = 0;
		};
/* End PBXResourcesBuildPhase section */

/* Begin PBXSourcesBuildPhase section */
		766575112DFB1C710053FCC4 /* Sources */ = {
			isa = PBXSourcesBuildPhase;
			buildActionMask = 2147483647;
			files = (
			);
			runOnlyForDeploymentPostprocessing = 0;
		};
/* End PBXSourcesBuildPhase section */

/* Begin XCBuildConfiguration section */
		7665751F2DFB1C720053FCC4 /* Debug */ = {
			isa = XCBuildConfiguration;
			buildSettings = {
				ALWAYS_SEARCH_USER_PATHS = NO;
				ASSETCATALOG_COMPILER_GENERATE_SWIFT_ASSET_SYMBOL_EXTENSIONS = YES;
				CLANG_ANALYZER_NONNULL = YES;
				CLANG_ANALYZER_NUMBER_OBJECT_CONVERSION = YES_AGGRESSIVE;
				CLANG_CXX_LANGUAGE_STANDARD = "gnu++20";
				CLANG_ENABLE_MODULES = YES;
				CLANG_ENABLE_OBJC_ARC = YES;
				CLANG_ENABLE_OBJC_WEAK = YES;
				CLANG_WARN_BLOCK_CAPTURE_AUTORELEASING = YES;
				CLANG_WARN_BOOL_CONVERSION = YES;
				CLANG_WARN_COMMA = YES;
				CLANG_WARN_CONSTANT_CONVERSION = YES;
				CLANG_WARN_DEPRECATED_OBJC_IMPLEMENTATIONS = YES;
				CLANG_WARN_DIRECT_OBJC_ISA_USAGE = YES_ERROR;
				CLANG_WARN_DOCUMENTATION_COMMENTS = YES;
				CLANG_WARN_EMPTY_BODY = YES;
				CLANG_WARN_ENUM_CONVERSION = YES;
				CLANG_WARN_INFINITE_RECURSION = YES;
				CLANG_WARN_INT_CONVERSION = YES;
				CLANG_WARN_NON_LITERAL_NULL_CONVERSION = YES;
				CLANG_WARN_OBJC_IMPLICIT_RETAIN_SELF = YES;
				CLANG_WARN_OBJC_LITERAL_CONVERSION = YES;
				CLANG_WARN_OBJC_ROOT_CLASS = YES_ERROR;
				CLANG_WARN_QUOTED_INCLUDE_IN_FRAMEWORK_HEADER = YES;
				CLANG_WARN_RANGE_LOOP_ANALYSIS = YES;
				CLANG_WARN_STRICT_PROTOTYPES = YES;
				CLANG_WARN_SUSPICIOUS_MOVE = YES;
				CLANG_WARN_UNGUARDED_AVAILABILITY = YES_AGGRESSIVE;
				CLANG_WARN_UNREACHABLE_CODE = YES;
				CLANG_WARN__DUPLICATE_METHOD_MATCH = YES;
				COPY_PHASE_STRIP = NO;
				DEBUG_INFORMATION_FORMAT = dwarf;
				ENABLE_HARDENED_RUNTIME = YES;
				ENABLE_STRICT_OBJC_MSGSEND = YES;
				ENABLE_TESTABILITY = YES;
				ENABLE_USER_SCRIPT_SANDBOXING = YES;
				GCC_C_LANGUAGE_STANDARD = gnu17;
				GCC_DYNAMIC_NO_PIC = NO;
				GCC_NO_COMMON_BLOCKS = YES;
				GCC_OPTIMIZATION_LEVEL = 0;
				GCC_PREPROCESSOR_DEFINITIONS = (
					"DEBUG=1",
					"$(inherited)",
				);
				GCC_WARN_64_TO_32_BIT_CONVERSION = YES;
				GCC_WARN_ABOUT_RETURN_TYPE = YES_ERROR;
				GCC_WARN_UNDECLARED_SELECTOR = YES;
				GCC_WARN_UNINITIALIZED_AUTOS = YES_AGGRESSIVE;
				GCC_WARN_UNUSED_FUNCTION = YES;
				GCC_WARN_UNUSED_VARIABLE = YES;
				LOCALIZATION_PREFERS_STRING_CATALOGS = YES;
				MACOSX_DEPLOYMENT_TARGET = 15.5;
				MTL_ENABLE_DEBUG_INFO = INCLUDE_SOURCE;
				MTL_FAST_MATH = YES;
				ONLY_ACTIVE_ARCH = NO;
				SDKROOT = macosx;
				SWIFT_ACTIVE_COMPILATION_CONDITIONS = "DEBUG $(inherited)";
				SWIFT_OPTIMIZATION_LEVEL = "-Onone";
			};
			name = Debug;
		};
		766575202DFB1C720053FCC4 /* Release */ = {
			isa = XCBuildConfiguration;
			buildSettings = {
				ALWAYS_SEARCH_USER_PATHS = NO;
				ASSETCATALOG_COMPILER_GENERATE_SWIFT_ASSET_SYMBOL_EXTENSIONS = YES;
				CLANG_ANALYZER_NONNULL = YES;
				CLANG_ANALYZER_NUMBER_OBJECT_CONVERSION = YES_AGGRESSIVE;
				CLANG_CXX_LANGUAGE_STANDARD = "gnu++20";
				CLANG_ENABLE_MODULES = YES;
				CLANG_ENABLE_OBJC_ARC = YES;
				CLANG_ENABLE_OBJC_WEAK = YES;
				CLANG_WARN_BLOCK_CAPTURE_AUTORELEASING = YES;
				CLANG_WARN_BOOL_CONVERSION = YES;
				CLANG_WARN_COMMA = YES;
				CLANG_WARN_CONSTANT_CONVERSION = YES;
				CLANG_WARN_DEPRECATED_OBJC_IMPLEMENTATIONS = YES;
				CLANG_WARN_DIRECT_OBJC_ISA_USAGE = YES_ERROR;
				CLANG_WARN_DOCUMENTATION_COMMENTS = YES;
				CLANG_WARN_EMPTY_BODY = YES;
				CLANG_WARN_ENUM_CONVERSION = YES;
				CLANG_WARN_INFINITE_RECURSION = YES;
				CLANG_WARN_INT_CONVERSION = YES;
				CLANG_WARN_NON_LITERAL_NULL_CONVERSION = YES;
				CLANG_WARN_OBJC_IMPLICIT_RETAIN_SELF = YES;
				CLANG_WARN_OBJC_LITERAL_CONVERSION = YES;
				CLANG_WARN_OBJC_ROOT_CLASS = YES_ERROR;
				CLANG_WARN_QUOTED_INCLUDE_IN_FRAMEWORK_HEADER = YES;
				CLANG_WARN_RANGE_LOOP_ANALYSIS = YES;
				CLANG_WARN_STRICT_PROTOTYPES = YES;
				CLANG_WARN_SUSPICIOUS_MOVE = YES;
				CLANG_WARN_UNGUARDED_AVAILABILITY = YES_AGGRESSIVE;
				CLANG_WARN_UNREACHABLE_CODE = YES;
				CLANG_WARN__DUPLICATE_METHOD_MATCH = YES;
				COPY_PHASE_STRIP = NO;
				DEBUG_INFORMATION_FORMAT = "dwarf-with-dsym";
				ENABLE_HARDENED_RUNTIME = YES;
				ENABLE_NS_ASSERTIONS = NO;
				ENABLE_STRICT_OBJC_MSGSEND = YES;
				ENABLE_USER_SCRIPT_SANDBOXING = YES;
				GCC_C_LANGUAGE_STANDARD = gnu17;
				GCC_NO_COMMON_BLOCKS = YES;
				GCC_WARN_64_TO_32_BIT_CONVERSION = YES;
				GCC_WARN_ABOUT_RETURN_TYPE = YES_ERROR;
				GCC_WARN_UNDECLARED_SELECTOR = YES;
				GCC_WARN_UNINITIALIZED_AUTOS = YES_AGGRESSIVE;
				GCC_WARN_UNUSED_FUNCTION = YES;
				GCC_WARN_UNUSED_VARIABLE = YES;
				LOCALIZATION_PREFERS_STRING_CATALOGS = YES;
				MACOSX_DEPLOYMENT_TARGET = 15.5;
				MTL_ENABLE_DEBUG_INFO = NO;
				MTL_FAST_MATH = YES;
				SDKROOT = macosx;
				SWIFT_COMPILATION_MODE = wholemodule;
			};
			name = Release;
		};
		766575222DFB1C720053FCC4 /* Debug */ = {
			isa = XCBuildConfiguration;
			buildSettings = {
				ASSETCATALOG_COMPILER_APPICON_NAME = AppIcon;
				ASSETCATALOG_COMPILER_GLOBAL_ACCENT_COLOR_NAME = AccentColor;
				CODE_SIGN_ENTITLEMENTS = PhotosExporter/PhotosExporter.entitlements;
				"CODE_SIGN_IDENTITY[sdk=macosx*]" = "Apple Development";
				CODE_SIGN_STYLE = Automatic;
				COMBINE_HIDPI_IMAGES = YES;
				CURRENT_PROJECT_VERSION = 0.1;
				DEVELOPMENT_TEAM = X3NPW6ZT98;
				ENABLE_HARDENED_RUNTIME = YES;
				ENABLE_PREVIEWS = YES;
				GENERATE_INFOPLIST_FILE = YES;
				INFOPLIST_FILE = PhotosExporter/Info.plist;
				INFOPLIST_KEY_CFBundleDisplayName = "Photos Exporter";
				INFOPLIST_KEY_LSApplicationCategoryType = "public.app-category.utilities";
				INFOPLIST_KEY_NSHumanReadableCopyright = "2025 Adam Borocz";
				INFOPLIST_KEY_NSPhotoLibraryUsageDescription = "PhotosExporter requires full access to your library in order to export all information and copy underlying image and video files";
				LD_RUNPATH_SEARCH_PATHS = (
					"$(inherited)",
					"@executable_path/../Frameworks",
				);
				MARKETING_VERSION = 0.1;
				PRODUCT_BUNDLE_IDENTIFIER = io.motns.PhotosExporter;
				PRODUCT_NAME = "$(TARGET_NAME)";
				REGISTER_APP_GROUPS = YES;
				SWIFT_EMIT_LOC_STRINGS = YES;
				SWIFT_VERSION = 6.0;
			};
			name = Debug;
		};
		766575232DFB1C720053FCC4 /* Release */ = {
			isa = XCBuildConfiguration;
			buildSettings = {
				ASSETCATALOG_COMPILER_APPICON_NAME = AppIcon;
				ASSETCATALOG_COMPILER_GLOBAL_ACCENT_COLOR_NAME = AccentColor;
				CODE_SIGN_ENTITLEMENTS = PhotosExporter/PhotosExporterRelease.entitlements;
				"CODE_SIGN_IDENTITY[sdk=macosx*]" = "Apple Development";
				CODE_SIGN_STYLE = Automatic;
				COMBINE_HIDPI_IMAGES = YES;
				CURRENT_PROJECT_VERSION = 0.1;
				DEVELOPMENT_TEAM = X3NPW6ZT98;
				ENABLE_HARDENED_RUNTIME = YES;
				ENABLE_PREVIEWS = YES;
				GENERATE_INFOPLIST_FILE = YES;
				INFOPLIST_FILE = PhotosExporter/Info.plist;
				INFOPLIST_KEY_CFBundleDisplayName = "Photos Exporter";
				INFOPLIST_KEY_LSApplicationCategoryType = "public.app-category.utilities";
				INFOPLIST_KEY_NSHumanReadableCopyright = "2025 Adam Borocz";
				INFOPLIST_KEY_NSPhotoLibraryUsageDescription = "PhotosExporter requires full access to your library in order to export all information and copy underlying image and video files";
				LD_RUNPATH_SEARCH_PATHS = (
					"$(inherited)",
					"@executable_path/../Frameworks",
				);
				MARKETING_VERSION = 0.1;
				PRODUCT_BUNDLE_IDENTIFIER = io.motns.PhotosExporter;
				PRODUCT_NAME = "$(TARGET_NAME)";
				REGISTER_APP_GROUPS = YES;
				SWIFT_EMIT_LOC_STRINGS = YES;
				SWIFT_VERSION = 6.0;
			};
			name = Release;
		};
/* End XCBuildConfiguration section */

/* Begin XCConfigurationList section */
		766575102DFB1C710053FCC4 /* Build configuration list for PBXProject "PhotosExporter" */ = {
			isa = XCConfigurationList;
			buildConfigurations = (
				7665751F2DFB1C720053FCC4 /* Debug */,
				766575202DFB1C720053FCC4 /* Release */,
			);
			defaultConfigurationIsVisible = 0;
			defaultConfigurationName = Release;
		};
		766575212DFB1C720053FCC4 /* Build configuration list for PBXNativeTarget "PhotosExporter" */ = {
			isa = XCConfigurationList;
			buildConfigurations = (
				766575222DFB1C720053FCC4 /* Debug */,
				766575232DFB1C720053FCC4 /* Release */,
			);
			defaultConfigurationIsVisible = 0;
			defaultConfigurationName = Release;
		};
/* End XCConfigurationList section */

/* Begin XCLocalSwiftPackageReference section */
		766575242DFB22550053FCC4 /* XCLocalSwiftPackageReference "../PhotosExporterLib" */ = {
			isa = XCLocalSwiftPackageReference;
			relativePath = ../PhotosExporterLib;
		};
/* End XCLocalSwiftPackageReference section */

/* Begin XCRemoteSwiftPackageReference section */
		766575B92E01B9A70053FCC4 /* XCRemoteSwiftPackageReference "swift-log-oslog" */ = {
			isa = XCRemoteSwiftPackageReference;
			repositoryURL = "https://github.com/chrisaljoudi/swift-log-oslog";
			requirement = {
				kind = exactVersion;
				version = 0.2.2;
			};
		};
		76A7A6B32E01BC1300F98B0C /* XCRemoteSwiftPackageReference "swift-log" */ = {
			isa = XCRemoteSwiftPackageReference;
			repositoryURL = "https://github.com/apple/swift-log.git";
			requirement = {
				kind = exactVersion;
				version = 1.6.3;
			};
		};
/* End XCRemoteSwiftPackageReference section */

/* Begin XCSwiftPackageProductDependency section */
		766575252DFB22550053FCC4 /* PhotosExporterLib */ = {
			isa = XCSwiftPackageProductDependency;
			productName = PhotosExporterLib;
		};
		76A7A6B42E01BC1300F98B0C /* Logging */ = {
			isa = XCSwiftPackageProductDependency;
			package = 76A7A6B32E01BC1300F98B0C /* XCRemoteSwiftPackageReference "swift-log" */;
			productName = Logging;
		};
		76F0DD962E01C1AC007DD35E /* LoggingOSLog */ = {
			isa = XCSwiftPackageProductDependency;
			package = 766575B92E01B9A70053FCC4 /* XCRemoteSwiftPackageReference "swift-log-oslog" */;
			productName = LoggingOSLog;
		};
/* End XCSwiftPackageProductDependency section */
	};
	rootObject = 7665750D2DFB1C710053FCC4 /* Project object */;
}
